{
  "name": "quorumforge-viewer",
  "version": "0.1.0",
  "lockfileVersion": 3,
  "requires": true,
  "packages": {
    "": {
      "name": "quorumforge-viewer",
      "version": "0.1.0",
      "license": "MIT",
      "bin": {
        "qf-view": "dist/cli.js"
      },
      "devDependencies": {
        "typescript": "^5.4.0"
      }
